
Microsoft Visual Studio Solution File, Format Version 12.00
# Visual Studio Version 16
VisualStudioVersion = 16.0.31702.278
MinimumVisualStudioVersion = 10.0.40219.1
Project("{FAE04EC0-301F-11D3-BF4B-00C04F79EFBC}") = "Sample", "Sample\Sample.csproj", "{8BDF1915-3140-478E-827F-25D495B8CDC5}"
EndProject
Project("{FAE04EC0-301F-11D3-BF4B-00C04F79EFBC}") = "IRacing Standings", "IRacing Standings\IRacing Standings.csproj", "{B4F7161C-EB4B-4A1E-AE63-B2D6A8BF54A3}"
EndProject
Global
	GlobalSection(SolutionConfigurationPlatforms) = preSolution
		Debug|Any CPU = Debug|Any CPU
		Release|Any CPU = Release|Any CPU
	EndGlobalSection
	GlobalSection(ProjectConfigurationPlatforms) = postSolution
		{8BDF1915-3140-478E-827F-25D495B8CDC5}.Debug|Any CPU.ActiveCfg = Debug|Any CPU
		{8BDF1915-3140-478E-827F-25D495B8CDC5}.Debug|Any CPU.Build.0 = Debug|Any CPU
		{8BDF1915-3140-478E-827F-25D495B8CDC5}.Release|Any CPU.ActiveCfg = Release|Any CPU
		{8BDF1915-3140-478E-827F-25D495B8CDC5}.Release|Any CPU.Build.0 = Release|Any CPU
		{B4F7161C-EB4B-4A1E-AE63-B2D6A8BF54A3}.Debug|Any CPU.ActiveCfg = Debug|Any CPU
		{B4F7161C-EB4B-4A1E-AE63-B2D6A8BF54A3}.Debug|Any CPU.Build.0 = Debug|Any CPU
		{B4F7161C-EB4B-4A1E-AE63-B2D6A8BF54A3}.Release|Any CPU.ActiveCfg = Release|Any CPU
		{B4F7161C-EB4B-4A1E-AE63-B2D6A8BF54A3}.Release|Any CPU.Build.0 = Release|Any CPU
	EndGlobalSection
	GlobalSection(SolutionProperties) = preSolution
		HideSolutionNode = FALSE
	EndGlobalSection
	GlobalSection(ExtensibilityGlobals) = postSolution
		SolutionGuid = {EACD80F1-E7EA-4059-AC15-9005840C8200}
	EndGlobalSection
EndGlobal
